
Microsoft Visual Studio Solution File, Format Version 12.00
# Visual Studio Express 2013 for Windows Desktop
VisualStudioVersion = 12.0.31101.0
MinimumVisualStudioVersion = 10.0.40219.1
Project("{FAE04EC0-301F-11D3-BF4B-00C04F79EFBC}") = "NotCalcInterface", "NotCalcInterface\NotCalcInterface.csproj", "{91DC39DC-497E-474A-81CB-0DD7D9DE09FD}"
EndProject
Project("{FAE04EC0-301F-11D3-BF4B-00C04F79EFBC}") = "NotationCalc", "NotationCalc\NotationCalc.csproj", "{9E4C5826-7979-4350-8FE9-2100397DD268}"
EndProject
Project("{FAE04EC0-301F-11D3-BF4B-00C04F79EFBC}") = "NotationTest", "NotationTest\NotationTest.csproj", "{25D96F8F-8052-493E-8763-7456A2DD642A}"
EndProject
Global
	GlobalSection(SolutionConfigurationPlatforms) = preSolution
		Debug|Any CPU = Debug|Any CPU
		Release|Any CPU = Release|Any CPU
	EndGlobalSection
	GlobalSection(ProjectConfigurationPlatforms) = postSolution
		{91DC39DC-497E-474A-81CB-0DD7D9DE09FD}.Debug|Any CPU.ActiveCfg = Debug|Any CPU
		{91DC39DC-497E-474A-81CB-0DD7D9DE09FD}.Debug|Any CPU.Build.0 = Debug|Any CPU
		{91DC39DC-497E-474A-81CB-0DD7D9DE09FD}.Release|Any CPU.ActiveCfg = Release|Any CPU
		{91DC39DC-497E-474A-81CB-0DD7D9DE09FD}.Release|Any CPU.Build.0 = Release|Any CPU
		{9E4C5826-7979-4350-8FE9-2100397DD268}.Debug|Any CPU.ActiveCfg = Debug|Any CPU
		{9E4C5826-7979-4350-8FE9-2100397DD268}.Debug|Any CPU.Build.0 = Debug|Any CPU
		{9E4C5826-7979-4350-8FE9-2100397DD268}.Release|Any CPU.ActiveCfg = Release|Any CPU
		{9E4C5826-7979-4350-8FE9-2100397DD268}.Release|Any CPU.Build.0 = Release|Any CPU
		{25D96F8F-8052-493E-8763-7456A2DD642A}.Debug|Any CPU.ActiveCfg = Debug|Any CPU
		{25D96F8F-8052-493E-8763-7456A2DD642A}.Debug|Any CPU.Build.0 = Debug|Any CPU
		{25D96F8F-8052-493E-8763-7456A2DD642A}.Release|Any CPU.ActiveCfg = Release|Any CPU
		{25D96F8F-8052-493E-8763-7456A2DD642A}.Release|Any CPU.Build.0 = Release|Any CPU
	EndGlobalSection
	GlobalSection(SolutionProperties) = preSolution
		HideSolutionNode = FALSE
	EndGlobalSection
EndGlobal
